
Microsoft Visual Studio Solution File, Format Version 12.00
# Visual Studio Version 17
VisualStudioVersion = 17.2.32616.157
MinimumVisualStudioVersion = 10.0.40219.1
Project("{FAE04EC0-301F-11D3-BF4B-00C04F79EFBC}") = "Number guessing", "Number guessing.csproj", "{927631CF-FD05-4C17-A597-31D7626948CC}"
EndProject
Global
	GlobalSection(SolutionConfigurationPlatforms) = preSolution
		Debug|Any CPU = Debug|Any CPU
		Release|Any CPU = Release|Any CPU
	EndGlobalSection
	GlobalSection(ProjectConfigurationPlatforms) = postSolution
		{927631CF-FD05-4C17-A597-31D7626948CC}.Debug|Any CPU.ActiveCfg = Debug|Any CPU
		{927631CF-FD05-4C17-A597-31D7626948CC}.Debug|Any CPU.Build.0 = Debug|Any CPU
		{927631CF-FD05-4C17-A597-31D7626948CC}.Release|Any CPU.ActiveCfg = Release|Any CPU
		{927631CF-FD05-4C17-A597-31D7626948CC}.Release|Any CPU.Build.0 = Release|Any CPU
	EndGlobalSection
	GlobalSection(SolutionProperties) = preSolution
		HideSolutionNode = FALSE
	EndGlobalSection
	GlobalSection(ExtensibilityGlobals) = postSolution
		SolutionGuid = {97B64328-E75C-433E-9E77-CFA7405F5C56}
	EndGlobalSection
EndGlobal
